
Microsoft Visual Studio Solution File, Format Version 12.00
# Visual Studio Version 16
VisualStudioVersion = 16.0.32413.511
MinimumVisualStudioVersion = 10.0.40219.1
Project("{FAE04EC0-301F-11D3-BF4B-00C04F79EFBC}") = "Library_Management", "Library_Management.csproj", "{660CC01D-F9FD-45C9-A711-299D294FCB8B}"
EndProject
Global
	GlobalSection(SolutionConfigurationPlatforms) = preSolution
		Debug|Any CPU = Debug|Any CPU
		Release|Any CPU = Release|Any CPU
	EndGlobalSection
	GlobalSection(ProjectConfigurationPlatforms) = postSolution
		{660CC01D-F9FD-45C9-A711-299D294FCB8B}.Debug|Any CPU.ActiveCfg = Debug|Any CPU
		{660CC01D-F9FD-45C9-A711-299D294FCB8B}.Debug|Any CPU.Build.0 = Debug|Any CPU
		{660CC01D-F9FD-45C9-A711-299D294FCB8B}.Release|Any CPU.ActiveCfg = Release|Any CPU
		{660CC01D-F9FD-45C9-A711-299D294FCB8B}.Release|Any CPU.Build.0 = Release|Any CPU
	EndGlobalSection
	GlobalSection(SolutionProperties) = preSolution
		HideSolutionNode = FALSE
	EndGlobalSection
	GlobalSection(ExtensibilityGlobals) = postSolution
		SolutionGuid = {F813E47B-CE28-4AA1-886A-AEA5EF8691AE}
	EndGlobalSection
EndGlobal
